# THIS IS AN AUTOGENERATED FILE. DO NOT EDIT THIS FILE DIRECTLY.
# yarn lockfile v1


accepts@~1.3.3:
  version "1.3.7"
  resolved "http://10.93.236.174:8080/artifactory/api/npm/sz-npm-public/accepts/-/accepts-1.3.7.tgz#531bc726517a3b2b41f850021c6cc15eaab507cd"
  integrity sha1-UxvHJlF6OytB+FACHGzBXqq1B80=
  dependencies:
    mime-types "~2.1.24"
    negotiator "0.6.2"

array-flatten@1.1.1:
  version "1.1.1"
  resolved "http://10.93.236.174:8080/artifactory/api/npm/sz-npm-public/array-flatten/-/array-flatten-1.1.1.tgz#9a5f699051b1e7073328f2a008968b64ea2955d2"
  integrity sha1-ml9pkFGx5wczKPKgCJaLZOopVdI=

basic-auth@~2.0.0:
  version "2.0.1"
  resolved "http://10.93.236.174:8080/artifactory/api/npm/sz-npm-public/basic-auth/-/basic-auth-2.0.1.tgz#b998279bf47ce38344b4f3cf916d4679bbf51e3a"
  integrity sha1-uZgnm/R844NEtPPPkW1Gebv1Hjo=
  dependencies:
    safe-buffer "5.1.2"

body-parser@~1.18.2:
  version "1.18.3"
  resolved "http://10.93.236.174:8080/artifactory/api/npm/sz-npm-public/body-parser/-/body-parser-1.18.3.tgz#5b292198ffdd553b3a0f20ded0592b956955c8b4"
  integrity sha1-WykhmP/dVTs6DyDe0FkrlWlVyLQ=
  dependencies:
    bytes "3.0.0"
    content-type "~1.0.4"
    debug "2.6.9"
    depd "~1.1.2"
    http-errors "~1.6.3"
    iconv-lite "0.4.23"
    on-finished "~2.3.0"
    qs "6.5.2"
    raw-body "2.3.3"
    type-is "~1.6.16"

bytes@3.0.0:
  version "3.0.0"
  resolved "http://10.93.236.174:8080/artifactory/api/npm/sz-npm-public/bytes/-/bytes-3.0.0.tgz#d32815404d689699f85a4ea4fa8755dd13a96048"
  integrity sha1-0ygVQE1olpn4Wk6k+odV3ROpYEg=

content-disposition@0.5.2:
  version "0.5.2"
  resolved "http://10.93.236.174:8080/artifactory/api/npm/sz-npm-public/content-disposition/-/content-disposition-0.5.2.tgz#0cf68bb9ddf5f2be7961c3a85178cb85dba78cb4"
  integrity sha1-DPaLud318r55YcOoUXjLhdunjLQ=

content-type@~1.0.2, content-type@~1.0.4:
  version "1.0.4"
  resolved "http://10.93.236.174:8080/artifactory/api/npm/sz-npm-public/content-type/-/content-type-1.0.4.tgz#e138cc75e040c727b1966fe5e5f8c9aee256fe3b"
  integrity sha1-4TjMdeBAxyexlm/l5fjJruJW/js=

cookie-parser@~1.4.3:
  version "1.4.4"
  resolved "http://10.93.236.174:8080/artifactory/api/npm/sz-npm-public/cookie-parser/-/cookie-parser-1.4.4.tgz#e6363de4ea98c3def9697b93421c09f30cf5d188"
  integrity sha1-5jY95OqYw975aXuTQhwJ8wz10Yg=
  dependencies:
    cookie "0.3.1"
    cookie-signature "1.0.6"

cookie-signature@1.0.6:
  version "1.0.6"
  resolved "http://10.93.236.174:8080/artifactory/api/npm/sz-npm-public/cookie-signature/-/cookie-signature-1.0.6.tgz#e303a882b342cc3ee8ca513a79999734dab3ae2c"
  integrity sha1-4wOogrNCzD7oylE6eZmXNNqzriw=

cookie@0.3.1:
  version "0.3.1"
  resolved "http://10.93.236.174:8080/artifactory/api/npm/sz-npm-public/cookie/-/cookie-0.3.1.tgz#e7e0a1f9ef43b4c8ba925c5c5a96e806d16873bb"
  integrity sha1-5+Ch+e9DtMi6klxcWpboBtFoc7s=

debug@2.6.9, debug@~2.6.9:
  version "2.6.9"
  resolved "http://10.93.236.174:8080/artifactory/api/npm/sz-npm-public/debug/-/debug-2.6.9.tgz#5d128515df134ff327e90a4c93f4e077a536341f"
  integrity sha1-XRKFFd8TT/Mn6QpMk/Tgd6U2NB8=
  dependencies:
    ms "2.0.0"

depd@~1.1.1, depd@~1.1.2:
  version "1.1.2"
  resolved "http://10.93.236.174:8080/artifactory/api/npm/sz-npm-public/depd/-/depd-1.1.2.tgz#9bcd52e14c097763e749b274c4346ed2e560b5a9"
  integrity sha1-m81S4UwJd2PnSbJ0xDRu0uVgtak=

destroy@~1.0.4:
  version "1.0.4"
  resolved "http://10.93.236.174:8080/artifactory/api/npm/sz-npm-public/destroy/-/destroy-1.0.4.tgz#978857442c44749e4206613e37946205826abd80"
  integrity sha1-l4hXRCxEdJ5CBmE+N5RiBYJqvYA=

ee-first@1.1.1:
  version "1.1.1"
  resolved "http://10.93.236.174:8080/artifactory/api/npm/sz-npm-public/ee-first/-/ee-first-1.1.1.tgz#590c61156b0ae2f4f0255732a158b266bc56b21d"
  integrity sha1-WQxhFWsK4vTwJVcyoViyZrxWsh0=

ejs@~2.5.7:
  version "2.5.9"
  resolved "http://10.93.236.174:8080/artifactory/api/npm/sz-npm-public/ejs/-/ejs-2.5.9.tgz#7ba254582a560d267437109a68354112475b0ce5"
  integrity sha1-e6JUWCpWDSZ0NxCaaDVBEkdbDOU=

encodeurl@~1.0.1:
  version "1.0.2"
  resolved "http://10.93.236.174:8080/artifactory/api/npm/sz-npm-public/encodeurl/-/encodeurl-1.0.2.tgz#ad3ff4c86ec2d029322f5a02c3a9a606c95b3f59"
  integrity sha1-rT/0yG7C0CkyL1oCw6mmBslbP1k=

escape-html@~1.0.3:
  version "1.0.3"
  resolved "http://10.93.236.174:8080/artifactory/api/npm/sz-npm-public/escape-html/-/escape-html-1.0.3.tgz#0258eae4d3d0c0974de1c169188ef0051d1d1988"
  integrity sha1-Aljq5NPQwJdN4cFpGI7wBR0dGYg=

etag@~1.8.0, etag@~1.8.1:
  version "1.8.1"
  resolved "http://10.93.236.174:8080/artifactory/api/npm/sz-npm-public/etag/-/etag-1.8.1.tgz#41ae2eeb65efa62268aebfea83ac7d79299b0887"
  integrity sha1-Qa4u62XvpiJorr/qg6x9eSmbCIc=

express@~4.15.5:
  version "4.15.5"
  resolved "http://10.93.236.174:8080/artifactory/api/npm/sz-npm-public/express/-/express-4.15.5.tgz#670235ca9598890a5ae8170b83db722b842ed927"
  integrity sha1-ZwI1ypWYiQpa6BcLg9tyK4Qu2Sc=
  dependencies:
    accepts "~1.3.3"
    array-flatten "1.1.1"
    content-disposition "0.5.2"
    content-type "~1.0.2"
    cookie "0.3.1"
    cookie-signature "1.0.6"
    debug "2.6.9"
    depd "~1.1.1"
    encodeurl "~1.0.1"
    escape-html "~1.0.3"
    etag "~1.8.0"
    finalhandler "~1.0.6"
    fresh "0.5.2"
    merge-descriptors "1.0.1"
    methods "~1.1.2"
    on-finished "~2.3.0"
    parseurl "~1.3.1"
    path-to-regexp "0.1.7"
    proxy-addr "~1.1.5"
    qs "6.5.0"
    range-parser "~1.2.0"
    send "0.15.6"
    serve-static "1.12.6"
    setprototypeof "1.0.3"
    statuses "~1.3.1"
    type-is "~1.6.15"
    utils-merge "1.0.0"
    vary "~1.1.1"

finalhandler@~1.0.6:
  version "1.0.6"
  resolved "http://10.93.236.174:8080/artifactory/api/npm/sz-npm-public/finalhandler/-/finalhandler-1.0.6.tgz#007aea33d1a4d3e42017f624848ad58d212f814f"
  integrity sha1-AHrqM9Gk0+QgF/YkhIrVjSEvgU8=
  dependencies:
    debug "2.6.9"
    encodeurl "~1.0.1"
    escape-html "~1.0.3"
    on-finished "~2.3.0"
    parseurl "~1.3.2"
    statuses "~1.3.1"
    unpipe "~1.0.0"

forwarded@~0.1.0:
  version "0.1.2"
  resolved "http://10.93.236.174:8080/artifactory/api/npm/sz-npm-public/forwarded/-/forwarded-0.1.2.tgz#98c23dab1175657b8c0573e8ceccd91b0ff18c84"
  integrity sha1-mMI9qxF1ZXuMBXPozszZGw/xjIQ=

fresh@0.5.2:
  version "0.5.2"
  resolved "http://10.93.236.174:8080/artifactory/api/npm/sz-npm-public/fresh/-/fresh-0.5.2.tgz#3d8cadd90d976569fa835ab1f8e4b23a105605a7"
  integrity sha1-PYyt2Q2XZWn6g1qx+OSyOhBWBac=

http-errors@1.6.3, http-errors@~1.6.2, http-errors@~1.6.3:
  version "1.6.3"
  resolved "http://10.93.236.174:8080/artifactory/api/npm/sz-npm-public/http-errors/-/http-errors-1.6.3.tgz#8b55680bb4be283a0b5bf4ea2e38580be1d9320d"
  integrity sha1-i1VoC7S+KDoLW/TqLjhYC+HZMg0=
  dependencies:
    depd "~1.1.2"
    inherits "2.0.3"
    setprototypeof "1.1.0"
    statuses ">= 1.4.0 < 2"

iconv-lite@0.4.23:
  version "0.4.23"
  resolved "http://10.93.236.174:8080/artifactory/api/npm/sz-npm-public/iconv-lite/-/iconv-lite-0.4.23.tgz#297871f63be507adcfbfca715d0cd0eed84e9a63"
  integrity sha1-KXhx9jvlB63Pv8pxXQzQ7thOmmM=
  dependencies:
    safer-buffer ">= 2.1.2 < 3"

inherits@2.0.3:
  version "2.0.3"
  resolved "http://10.93.236.174:8080/artifactory/api/npm/sz-npm-public/inherits/-/inherits-2.0.3.tgz#633c2c83e3da42a502f52466022480f4208261de"
  integrity sha1-Yzwsg+PaQqUC9SRmAiSA9CCCYd4=

ipaddr.js@1.4.0:
  version "1.4.0"
  resolved "http://10.93.236.174:8080/artifactory/api/npm/sz-npm-public/ipaddr.js/-/ipaddr.js-1.4.0.tgz#296aca878a821816e5b85d0a285a99bcff4582f0"
  integrity sha1-KWrKh4qCGBbluF0KKFqZvP9FgvA=

media-typer@0.3.0:
  version "0.3.0"
  resolved "http://10.93.236.174:8080/artifactory/api/npm/sz-npm-public/media-typer/-/media-typer-0.3.0.tgz#8710d7af0aa626f8fffa1ce00168545263255748"
  integrity sha1-hxDXrwqmJvj/+hzgAWhUUmMlV0g=

merge-descriptors@1.0.1:
  version "1.0.1"
  resolved "http://10.93.236.174:8080/artifactory/api/npm/sz-npm-public/merge-descriptors/-/merge-descriptors-1.0.1.tgz#b00aaa556dd8b44568150ec9d1b953f3f90cbb61"
  integrity sha1-sAqqVW3YtEVoFQ7J0blT8/kMu2E=

methods@~1.1.2:
  version "1.1.2"
  resolved "http://10.93.236.174:8080/artifactory/api/npm/sz-npm-public/methods/-/methods-1.1.2.tgz#5529a4d67654134edcc5266656835b0f851afcee"
  integrity sha1-VSmk1nZUE07cxSZmVoNbD4Ua/O4=

mime-db@1.40.0:
  version "1.40.0"
  resolved "http://10.93.236.174:8080/artifactory/api/npm/sz-npm-public/mime-db/-/mime-db-1.40.0.tgz#a65057e998db090f732a68f6c276d387d4126c32"
  integrity sha1-plBX6ZjbCQ9zKmj2wnbTh9QSbDI=

mime-types@~2.1.24:
  version "2.1.24"
  resolved "http://10.93.236.174:8080/artifactory/api/npm/sz-npm-public/mime-types/-/mime-types-2.1.24.tgz#b6f8d0b3e951efb77dedeca194cff6d16f676f81"
  integrity sha1-tvjQs+lR77d97eyhlM/20W9nb4E=
  dependencies:
    mime-db "1.40.0"

mime@1.3.4:
  version "1.3.4"
  resolved "http://10.93.236.174:8080/artifactory/api/npm/sz-npm-public/mime/-/mime-1.3.4.tgz#115f9e3b6b3daf2959983cb38f149a2d40eb5d53"
  integrity sha1-EV+eO2s9rylZmDyzjxSaLUDrXVM=

morgan@~1.9.0:
  version "1.9.1"
  resolved "http://10.93.236.174:8080/artifactory/api/npm/sz-npm-public/morgan/-/morgan-1.9.1.tgz#0a8d16734a1d9afbc824b99df87e738e58e2da59"
  integrity sha1-Co0Wc0odmvvIJLmd+H5zjlji2lk=
  dependencies:
    basic-auth "~2.0.0"
    debug "2.6.9"
    depd "~1.1.2"
    on-finished "~2.3.0"
    on-headers "~1.0.1"

ms@2.0.0:
  version "2.0.0"
  resolved "http://10.93.236.174:8080/artifactory/api/npm/sz-npm-public/ms/-/ms-2.0.0.tgz#5608aeadfc00be6c2901df5f9861788de0d597c8"
  integrity sha1-VgiurfwAvmwpAd9fmGF4jeDVl8g=

negotiator@0.6.2:
  version "0.6.2"
  resolved "http://10.93.236.174:8080/artifactory/api/npm/sz-npm-public/negotiator/-/negotiator-0.6.2.tgz#feacf7ccf525a77ae9634436a64883ffeca346fb"
  integrity sha1-/qz3zPUlp3rpY0Q2pkiD/+yjRvs=

on-finished@~2.3.0:
  version "2.3.0"
  resolved "http://10.93.236.174:8080/artifactory/api/npm/sz-npm-public/on-finished/-/on-finished-2.3.0.tgz#20f1336481b083cd75337992a16971aa2d906947"
  integrity sha1-IPEzZIGwg811M3mSoWlxqi2QaUc=
  dependencies:
    ee-first "1.1.1"

on-headers@~1.0.1:
  version "1.0.2"
  resolved "http://10.93.236.174:8080/artifactory/api/npm/sz-npm-public/on-headers/-/on-headers-1.0.2.tgz#772b0ae6aaa525c399e489adfad90c403eb3c28f"
  integrity sha1-dysK5qqlJcOZ5Imt+tkMQD6zwo8=

parseurl@~1.3.1, parseurl@~1.3.2:
  version "1.3.3"
  resolved "http://10.93.236.174:8080/artifactory/api/npm/sz-npm-public/parseurl/-/parseurl-1.3.3.tgz#9da19e7bee8d12dff0513ed5b76957793bc2e8d4"
  integrity sha1-naGee+6NEt/wUT7Vt2lXeTvC6NQ=

path-to-regexp@0.1.7:
  version "0.1.7"
  resolved "http://10.93.236.174:8080/artifactory/api/npm/sz-npm-public/path-to-regexp/-/path-to-regexp-0.1.7.tgz#df604178005f522f15eb4490e7247a1bfaa67f8c"
  integrity sha1-32BBeABfUi8V60SQ5yR6G/qmf4w=

proxy-addr@~1.1.5:
  version "1.1.5"
  resolved "http://10.93.236.174:8080/artifactory/api/npm/sz-npm-public/proxy-addr/-/proxy-addr-1.1.5.tgz#71c0ee3b102de3f202f3b64f608d173fcba1a918"
  integrity sha1-ccDuOxAt4/IC87ZPYI0XP8uhqRg=
  dependencies:
    forwarded "~0.1.0"
    ipaddr.js "1.4.0"

qs@6.5.0:
  version "6.5.0"
  resolved "http://10.93.236.174:8080/artifactory/api/npm/sz-npm-public/qs/-/qs-6.5.0.tgz#8d04954d364def3efc55b5a0793e1e2c8b1e6e49"
  integrity sha1-jQSVTTZN7z78VbWgeT4eLIsebkk=

qs@6.5.2:
  version "6.5.2"
  resolved "http://10.93.236.174:8080/artifactory/api/npm/sz-npm-public/qs/-/qs-6.5.2.tgz#cb3ae806e8740444584ef154ce8ee98d403f3e36"
  integrity sha1-yzroBuh0BERYTvFUzo7pjUA/PjY=

range-parser@~1.2.0:
  version "1.2.1"
  resolved "http://10.93.236.174:8080/artifactory/api/npm/sz-npm-public/range-parser/-/range-parser-1.2.1.tgz#3cf37023d199e1c24d1a55b84800c2f3e6468031"
  integrity sha1-PPNwI9GZ4cJNGlW4SADC8+ZGgDE=

raw-body@2.3.3:
  version "2.3.3"
  resolved "http://10.93.236.174:8080/artifactory/api/npm/sz-npm-public/raw-body/-/raw-body-2.3.3.tgz#1b324ece6b5706e153855bc1148c65bb7f6ea0c3"
  integrity sha1-GzJOzmtXBuFThVvBFIxlu39uoMM=
  dependencies:
    bytes "3.0.0"
    http-errors "1.6.3"
    iconv-lite "0.4.23"
    unpipe "1.0.0"

safe-buffer@5.1.1:
  version "5.1.1"
  resolved "http://10.93.236.174:8080/artifactory/api/npm/sz-npm-public/safe-buffer/-/safe-buffer-5.1.1.tgz#893312af69b2123def71f57889001671eeb2c853"
  integrity sha1-iTMSr2myEj3vcfV4iQAWce6yyFM=

safe-buffer@5.1.2:
  version "5.1.2"
  resolved "http://10.93.236.174:8080/artifactory/api/npm/sz-npm-public/safe-buffer/-/safe-buffer-5.1.2.tgz#991ec69d296e0313747d59bdfd2b745c35f8828d"
  integrity sha1-mR7GnSluAxN0fVm9/St0XDX4go0=

"safer-buffer@>= 2.1.2 < 3":
  version "2.1.2"
  resolved "http://10.93.236.174:8080/artifactory/api/npm/sz-npm-public/safer-buffer/-/safer-buffer-2.1.2.tgz#44fa161b0187b9549dd84bb91802f9bd8385cd6a"
  integrity sha1-RPoWGwGHuVSd2Eu5GAL5vYOFzWo=

send@0.15.6:
  version "0.15.6"
  resolved "http://10.93.236.174:8080/artifactory/api/npm/sz-npm-public/send/-/send-0.15.6.tgz#20f23a9c925b762ab82705fe2f9db252ace47e34"
  integrity sha1-IPI6nJJbdiq4JwX+L52yUqzkfjQ=
  dependencies:
    debug "2.6.9"
    depd "~1.1.1"
    destroy "~1.0.4"
    encodeurl "~1.0.1"
    escape-html "~1.0.3"
    etag "~1.8.1"
    fresh "0.5.2"
    http-errors "~1.6.2"
    mime "1.3.4"
    ms "2.0.0"
    on-finished "~2.3.0"
    range-parser "~1.2.0"
    statuses "~1.3.1"

serve-favicon@~2.4.5:
  version "2.4.5"
  resolved "http://10.93.236.174:8080/artifactory/api/npm/sz-npm-public/serve-favicon/-/serve-favicon-2.4.5.tgz#49d9a46863153a9240691c893d2b0e7d85d6d436"
  integrity sha1-SdmkaGMVOpJAaRyJPSsOfYXW1DY=
  dependencies:
    etag "~1.8.1"
    fresh "0.5.2"
    ms "2.0.0"
    parseurl "~1.3.2"
    safe-buffer "5.1.1"

serve-static@1.12.6:
  version "1.12.6"
  resolved "http://10.93.236.174:8080/artifactory/api/npm/sz-npm-public/serve-static/-/serve-static-1.12.6.tgz#b973773f63449934da54e5beba5e31d9f4211577"
  integrity sha1-uXN3P2NEmTTaVOW+ul4x2fQhFXc=
  dependencies:
    encodeurl "~1.0.1"
    escape-html "~1.0.3"
    parseurl "~1.3.2"
    send "0.15.6"

setprototypeof@1.0.3:
  version "1.0.3"
  resolved "http://10.93.236.174:8080/artifactory/api/npm/sz-npm-public/setprototypeof/-/setprototypeof-1.0.3.tgz#66567e37043eeb4f04d91bd658c0cbefb55b8e04"
  integrity sha1-ZlZ+NwQ+608E2RvWWMDL77VbjgQ=

setprototypeof@1.1.0:
  version "1.1.0"
  resolved "http://10.93.236.174:8080/artifactory/api/npm/sz-npm-public/setprototypeof/-/setprototypeof-1.1.0.tgz#d0bd85536887b6fe7c0d818cb962d9d91c54e656"
  integrity sha1-0L2FU2iHtv58DYGMuWLZ2RxU5lY=

"statuses@>= 1.4.0 < 2":
  version "1.5.0"
  resolved "http://10.93.236.174:8080/artifactory/api/npm/sz-npm-public/statuses/-/statuses-1.5.0.tgz#161c7dac177659fd9811f43771fa99381478628c"
  integrity sha1-Fhx9rBd2Wf2YEfQ3cfqZOBR4Yow=

statuses@~1.3.1:
  version "1.3.1"
  resolved "http://10.93.236.174:8080/artifactory/api/npm/sz-npm-public/statuses/-/statuses-1.3.1.tgz#faf51b9eb74aaef3b3acf4ad5f61abf24cb7b93e"
  integrity sha1-+vUbnrdKrvOzrPStX2Gr8ky3uT4=

type-is@~1.6.15, type-is@~1.6.16:
  version "1.6.18"
  resolved "http://10.93.236.174:8080/artifactory/api/npm/sz-npm-public/type-is/-/type-is-1.6.18.tgz#4e552cd05df09467dcbc4ef739de89f2cf37c131"
  integrity sha1-TlUs0F3wlGfcvE73Od6J8s83wTE=
  dependencies:
    media-typer "0.3.0"
    mime-types "~2.1.24"

unpipe@1.0.0, unpipe@~1.0.0:
  version "1.0.0"
  resolved "http://10.93.236.174:8080/artifactory/api/npm/sz-npm-public/unpipe/-/unpipe-1.0.0.tgz#b2bf4ee8514aae6165b4817829d21b2ef49904ec"
  integrity sha1-sr9O6FFKrmFltIF4KdIbLvSZBOw=

utils-merge@1.0.0:
  version "1.0.0"
  resolved "http://10.93.236.174:8080/artifactory/api/npm/sz-npm-public/utils-merge/-/utils-merge-1.0.0.tgz#0294fb922bb9375153541c4f7096231f287c8af8"
  integrity sha1-ApT7kiu5N1FTVBxPcJYjHyh8ivg=

vary@~1.1.1:
  version "1.1.2"
  resolved "http://10.93.236.174:8080/artifactory/api/npm/sz-npm-public/vary/-/vary-1.1.2.tgz#2299f02c6ded30d4a5961b0b9f74524a18f634fc"
  integrity sha1-IpnwLG3tMNSllhsLn3RSShj2NPw=
